Microsoft Visual Studio Solution File, Format Version 12.00
# Visual Studio Version 17
VisualStudioVersion = 17.5.2.0
MinimumVisualStudioVersion = 10.0.40219.1
Project("{FAE04EC0-301F-11D3-BF4B-00C04F79EFBC}") = "TalliVahti", "TalliVahti\TalliVahti.csproj", "{B24D750A-5474-146A-67F8-686B7AA23A65}"
EndProject
Global 
	GlobalSection(SolutionConfigurationPlatforms) = preSolution
		Debug|Any CPU = Debug|Any CPU
		Release|Any CPU = Release|Any CPU
	EndGlobalSection
	GlobalSection(ProjectConfigurationPlatforms) = postSolution
		{B24D750A-5474-146A-67F8-686B7AA23A65}.Debug|Any CPU.ActiveCfg = Debug|Any CPU
		{B24D750A-5474-146A-67F8-686B7AA23A65}.Debug|Any CPU.Build.0 = Debug|Any CPU
		{B24D750A-5474-146A-67F8-686B7AA23A65}.Release|Any CPU.ActiveCfg = Release|Any CPU
		{B24D750A-5474-146A-67F8-686B7AA23A65}.Release|Any CPU.Build.0 = Release|Any CPU
	EndGlobalSection
	GlobalSection(SolutionProperties) = preSolution
		HideSolutionNode = FALSE
	EndGlobalSection
	GlobalSection(ExtensibilityGlobals) = postSolution
		SolutionGuid = {0E153D07-A468-4731-9133-802E35C37F4F}
	EndGlobalSection
EndGlobal
